
Microsoft Visual Studio Solution File, Format Version 12.00
# Visual Studio 14
VisualStudioVersion = 14.0.23107.0
MinimumVisualStudioVersion = 10.0.40219.1
Project("{FAE04EC0-301F-11D3-BF4B-00C04F79EFBC}") = "Client", "Client\Client.csproj", "{66B39926-747E-4121-A839-C8D9210E8D96}"
EndProject
Project("{FAE04EC0-301F-11D3-BF4B-00C04F79EFBC}") = "Common", "Common\Common.csproj", "{2D7E1758-8EE9-4608-8F54-EC3D4A3A4679}"
EndProject
Project("{FAE04EC0-301F-11D3-BF4B-00C04F79EFBC}") = "Server", "..\Server\Server.csproj", "{CFC0D406-8C73-4FC1-A02E-1092F5134EA0}"
EndProject
Global
	GlobalSection(SolutionConfigurationPlatforms) = preSolution
		Debug|Any CPU = Debug|Any CPU
		Release|Any CPU = Release|Any CPU
	EndGlobalSection
	GlobalSection(ProjectConfigurationPlatforms) = postSolution
		{66B39926-747E-4121-A839-C8D9210E8D96}.Debug|Any CPU.ActiveCfg = Debug|Any CPU
		{66B39926-747E-4121-A839-C8D9210E8D96}.Debug|Any CPU.Build.0 = Debug|Any CPU
		{66B39926-747E-4121-A839-C8D9210E8D96}.Release|Any CPU.ActiveCfg = Release|Any CPU
		{66B39926-747E-4121-A839-C8D9210E8D96}.Release|Any CPU.Build.0 = Release|Any CPU
		{2D7E1758-8EE9-4608-8F54-EC3D4A3A4679}.Debug|Any CPU.ActiveCfg = Debug|Any CPU
		{2D7E1758-8EE9-4608-8F54-EC3D4A3A4679}.Debug|Any CPU.Build.0 = Debug|Any CPU
		{2D7E1758-8EE9-4608-8F54-EC3D4A3A4679}.Release|Any CPU.ActiveCfg = Release|Any CPU
		{2D7E1758-8EE9-4608-8F54-EC3D4A3A4679}.Release|Any CPU.Build.0 = Release|Any CPU
		{CFC0D406-8C73-4FC1-A02E-1092F5134EA0}.Debug|Any CPU.ActiveCfg = Debug|Any CPU
		{CFC0D406-8C73-4FC1-A02E-1092F5134EA0}.Debug|Any CPU.Build.0 = Debug|Any CPU
		{CFC0D406-8C73-4FC1-A02E-1092F5134EA0}.Release|Any CPU.ActiveCfg = Release|Any CPU
		{CFC0D406-8C73-4FC1-A02E-1092F5134EA0}.Release|Any CPU.Build.0 = Release|Any CPU
	EndGlobalSection
	GlobalSection(SolutionProperties) = preSolution
		HideSolutionNode = FALSE
	EndGlobalSection
EndGlobal
